lockfileVersion: '9.0'

settings:
  autoInstallPeers: true
  excludeLinksFromLockfile: false

importers:

  .:
    dependencies:
      '@hono/node-server':
        specifier: ^1.13.8
        version: 1.13.8(hono@4.7.1)
      discord-interactions:
        specifier: ^4.1.1
        version: 4.1.1
      hono:
        specifier: ^4.7.1
        version: 4.7.1
      zod:
        specifier: ^3.24.2
        version: 3.24.2
    devDependencies:
      '@biomejs/biome':
        specifier: 1.9.4
        version: 1.9.4
      '@types/node':
        specifier: ^22.13.4
        version: 22.13.4
      discord-api-types:
        specifier: ^0.37.119
        version: 0.37.119
      oxlint:
        specifier: ^0.15.11
        version: 0.15.11
      typescript:
        specifier: ^5.7.3
        version: 5.7.3

packages:

  '@biomejs/biome@1.9.4':
    resolution: {integrity: sha512-1rkd7G70+o9KkTn5KLmDYXihGoTaIGO9PIIN2ZB7UJxFrWw04CZHPYiMRjYsaDvVV7hP1dYNRLxSANLaBFGpog==}
    engines: {node: '>=14.21.3'}
    hasBin: true

  '@biomejs/cli-darwin-arm64@1.9.4':
    resolution: {integrity: sha512-bFBsPWrNvkdKrNCYeAp+xo2HecOGPAy9WyNyB/jKnnedgzl4W4Hb9ZMzYNbf8dMCGmUdSavlYHiR01QaYR58cw==}
    engines: {node: '>=14.21.3'}
    cpu: [arm64]
    os: [darwin]

  '@biomejs/cli-darwin-x64@1.9.4':
    resolution: {integrity: sha512-ngYBh/+bEedqkSevPVhLP4QfVPCpb+4BBe2p7Xs32dBgs7rh9nY2AIYUL6BgLw1JVXV8GlpKmb/hNiuIxfPfZg==}
    engines: {node: '>=14.21.3'}
    cpu: [x64]
    os: [darwin]

  '@biomejs/cli-linux-arm64-musl@1.9.4':
    resolution: {integrity: sha512-v665Ct9WCRjGa8+kTr0CzApU0+XXtRgwmzIf1SeKSGAv+2scAlW6JR5PMFo6FzqqZ64Po79cKODKf3/AAmECqA==}
    engines: {node: '>=14.21.3'}
    cpu: [arm64]
    os: [linux]

  '@biomejs/cli-linux-arm64@1.9.4':
    resolution: {integrity: sha512-fJIW0+LYujdjUgJJuwesP4EjIBl/N/TcOX3IvIHJQNsAqvV2CHIogsmA94BPG6jZATS4Hi+xv4SkBBQSt1N4/g==}
    engines: {node: '>=14.21.3'}
    cpu: [arm64]
    os: [linux]

  '@biomejs/cli-linux-x64-musl@1.9.4':
    resolution: {integrity: sha512-gEhi/jSBhZ2m6wjV530Yy8+fNqG8PAinM3oV7CyO+6c3CEh16Eizm21uHVsyVBEB6RIM8JHIl6AGYCv6Q6Q9Tg==}
    engines: {node: '>=14.21.3'}
    cpu: [x64]
    os: [linux]

  '@biomejs/cli-linux-x64@1.9.4':
    resolution: {integrity: sha512-lRCJv/Vi3Vlwmbd6K+oQ0KhLHMAysN8lXoCI7XeHlxaajk06u7G+UsFSO01NAs5iYuWKmVZjmiOzJ0OJmGsMwg==}
    engines: {node: '>=14.21.3'}
    cpu: [x64]
    os: [linux]

  '@biomejs/cli-win32-arm64@1.9.4':
    resolution: {integrity: sha512-tlbhLk+WXZmgwoIKwHIHEBZUwxml7bRJgk0X2sPyNR3S93cdRq6XulAZRQJ17FYGGzWne0fgrXBKpl7l4M87Hg==}
    engines: {node: '>=14.21.3'}
    cpu: [arm64]
    os: [win32]

  '@biomejs/cli-win32-x64@1.9.4':
    resolution: {integrity: sha512-8Y5wMhVIPaWe6jw2H+KlEm4wP/f7EW3810ZLmDlrEEy5KvBsb9ECEfu/kMWD484ijfQ8+nIi0giMgu9g1UAuuA==}
    engines: {node: '>=14.21.3'}
    cpu: [x64]
    os: [win32]

  '@hono/node-server@1.13.8':
    resolution: {integrity: sha512-fsn8ucecsAXUoVxrUil0m13kOEq4mkX4/4QozCqmY+HpGfKl74OYSn8JcMA8GnG0ClfdRI4/ZSeG7zhFaVg+wg==}
    engines: {node: '>=18.14.1'}
    peerDependencies:
      hono: ^4

  '@oxlint/darwin-arm64@0.15.11':
    resolution: {integrity: sha512-cSW5LCqoHAp+zvKNUmzvKXzvh90o0J50HOJj7HARXWes/fqKQ2U2NX36Grc19lOxhP5ItoNeZN6x88opPdVtDw==}
    cpu: [arm64]
    os: [darwin]

  '@oxlint/darwin-x64@0.15.11':
    resolution: {integrity: sha512-6iisoeMdIGBvga+dKe6UnAH8jN58lkbwApQh0IAJzSpkS9B0MPFFy2LjT9qq6J4WyHWh8oYnDJhNOJVBGynApQ==}
    cpu: [x64]
    os: [darwin]

  '@oxlint/linux-arm64-gnu@0.15.11':
    resolution: {integrity: sha512-3zmkAYm309ZWf0Af3YiQMbx2kV8SKRThyaw32x65NvZje/RfnqDSaUJ/juT32DyWNGgRSI2KaWExbbVKZGj6Bw==}
    cpu: [arm64]
    os: [linux]

  '@oxlint/linux-arm64-musl@0.15.11':
    resolution: {integrity: sha512-kj6t4GxNfYvSkC9HbdnQFyK1AXXmWN+d53lyDVWUKByRNAOLn6hBrzl9WByJ6ZGCTwTOyrkqu1Om4itlILqodA==}
    cpu: [arm64]
    os: [linux]

  '@oxlint/linux-x64-gnu@0.15.11':
    resolution: {integrity: sha512-1RNUw+nWjv8EXI1wa6A4oc/UXwdCk4l29y3JgCZ7s1aPdZhn3sWLng0SFVruZAf5QFY9bxKS2ffr1s84T1uXhQ==}
    cpu: [x64]
    os: [linux]

  '@oxlint/linux-x64-musl@0.15.11':
    resolution: {integrity: sha512-7uUD13t5WUg7TrZlViW0oYwg2npwoFvzA+1wOPtDu9Kyy24WggUIg8dAExTb5OFkj5jxKKAT17EcvtSNxxLdww==}
    cpu: [x64]
    os: [linux]

  '@oxlint/win32-arm64@0.15.11':
    resolution: {integrity: sha512-6tMc5UYWGwzxa+AsgNQGFktoqewkdV5pmMXlQboGIOUWYYIQfl2/X7owbv+3y3n7EmO7EBniIB2G/5m8teDzGQ==}
    cpu: [arm64]
    os: [win32]

  '@oxlint/win32-x64@0.15.11':
    resolution: {integrity: sha512-etEXnRNT3Lep/jAvBxgFqHGGAZTnjvRNKSOKSQ0jFNTIzAhaqCpJrH25LKuvIqDPTDOPNA5DjmfuT2AFNhAI0g==}
    cpu: [x64]
    os: [win32]

  '@types/node@22.13.4':
    resolution: {integrity: sha512-ywP2X0DYtX3y08eFVx5fNIw7/uIv8hYUKgXoK8oayJlLnKcRfEYCxWMVE1XagUdVtCJlZT1AU4LXEABW+L1Peg==}

  discord-api-types@0.37.119:
    resolution: {integrity: sha512-WasbGFXEB+VQWXlo6IpW3oUv73Yuau1Ig4AZF/m13tXcTKnMpc/mHjpztIlz4+BM9FG9BHQkEXiPto3bKduQUg==}

  discord-interactions@4.1.1:
    resolution: {integrity: sha512-dCrdJFSHQrEHXB8tk+LpIhAL7/+/UXCFDzooYmB6jj7b/zuhdbETpcZXLYQpSfcSRpF5wjmnu1XwuHlvdF1KpQ==}
    engines: {node: '>=18.4.0'}

  hono@4.7.1:
    resolution: {integrity: sha512-V3eWoPkBxoNgFCkSc5Y5rpLF6YoQQx1pkYO4qrF6YfOw8RZbujUNlJLZCxh0z9gZct70+je2Ih7Zrdpv21hP9w==}
    engines: {node: '>=16.9.0'}

  oxlint@0.15.11:
    resolution: {integrity: sha512-SvNbuA5KiGzA1/E5TCzbhC0veVFdJRQW0CfeRCUG2AKzfH2j3KkQMmBA8JwVsdOhfPMCjwomAL1xE6+RglyCCA==}
    engines: {node: '>=8.*'}
    hasBin: true

  typescript@5.7.3:
    resolution: {integrity: sha512-84MVSjMEHP+FQRPy3pX9sTVV/INIex71s9TL2Gm5FG/WG1SqXeKyZ0k7/blY/4FdOzI12CBy1vGc4og/eus0fw==}
    engines: {node: '>=14.17'}
    hasBin: true

  undici-types@6.20.0:
    resolution: {integrity: sha512-Ny6QZ2Nju20vw1SRHe3d9jVu6gJ+4e3+MMpqu7pqE5HT6WsTSlce++GQmK5UXS8mzV8DSYHrQH+Xrf2jVcuKNg==}

  zod@3.24.2:
    resolution: {integrity: sha512-lY7CDW43ECgW9u1TcT3IoXHflywfVqDYze4waEz812jR/bZ8FHDsl7pFQoSZTz5N+2NqRXs8GBwnAwo3ZNxqhQ==}

snapshots:

  '@biomejs/biome@1.9.4':
    optionalDependencies:
      '@biomejs/cli-darwin-arm64': 1.9.4
      '@biomejs/cli-darwin-x64': 1.9.4
      '@biomejs/cli-linux-arm64': 1.9.4
      '@biomejs/cli-linux-arm64-musl': 1.9.4
      '@biomejs/cli-linux-x64': 1.9.4
      '@biomejs/cli-linux-x64-musl': 1.9.4
      '@biomejs/cli-win32-arm64': 1.9.4
      '@biomejs/cli-win32-x64': 1.9.4

  '@biomejs/cli-darwin-arm64@1.9.4':
    optional: true

  '@biomejs/cli-darwin-x64@1.9.4':
    optional: true

  '@biomejs/cli-linux-arm64-musl@1.9.4':
    optional: true

  '@biomejs/cli-linux-arm64@1.9.4':
    optional: true

  '@biomejs/cli-linux-x64-musl@1.9.4':
    optional: true

  '@biomejs/cli-linux-x64@1.9.4':
    optional: true

  '@biomejs/cli-win32-arm64@1.9.4':
    optional: true

  '@biomejs/cli-win32-x64@1.9.4':
    optional: true

  '@hono/node-server@1.13.8(hono@4.7.1)':
    dependencies:
      hono: 4.7.1

  '@oxlint/darwin-arm64@0.15.11':
    optional: true

  '@oxlint/darwin-x64@0.15.11':
    optional: true

  '@oxlint/linux-arm64-gnu@0.15.11':
    optional: true

  '@oxlint/linux-arm64-musl@0.15.11':
    optional: true

  '@oxlint/linux-x64-gnu@0.15.11':
    optional: true

  '@oxlint/linux-x64-musl@0.15.11':
    optional: true

  '@oxlint/win32-arm64@0.15.11':
    optional: true

  '@oxlint/win32-x64@0.15.11':
    optional: true

  '@types/node@22.13.4':
    dependencies:
      undici-types: 6.20.0

  discord-api-types@0.37.119: {}

  discord-interactions@4.1.1: {}

  hono@4.7.1: {}

  oxlint@0.15.11:
    optionalDependencies:
      '@oxlint/darwin-arm64': 0.15.11
      '@oxlint/darwin-x64': 0.15.11
      '@oxlint/linux-arm64-gnu': 0.15.11
      '@oxlint/linux-arm64-musl': 0.15.11
      '@oxlint/linux-x64-gnu': 0.15.11
      '@oxlint/linux-x64-musl': 0.15.11
      '@oxlint/win32-arm64': 0.15.11
      '@oxlint/win32-x64': 0.15.11

  typescript@5.7.3: {}

  undici-types@6.20.0: {}

  zod@3.24.2: {}
